// !$*UTF8*$!
{
	archiveVersion = 1;
	classes = {
	};
	objectVersion = 46;
	objects = {

/* Begin PBXBuildFile section */
		F456F3BF1C693E100043A89C /* AppDelegate.swift in Sources */ = {isa = PBXBuildFile; fileRef = F456F3BE1C693E100043A89C /* AppDelegate.swift */; };
		F456F3C11C693E100043A89C /* ViewController.swift in Sources */ = {isa = PBXBuildFile; fileRef = F456F3C01C693E100043A89C /* ViewController.swift */; };
		F456F3C41C693E100043A89C /* Main.storyboard in Resources */ = {isa = PBXBuildFile; fileRef = F456F3C21C693E100043A89C /* Main.storyboard */; };
		F456F3C91C693E100043A89C /* Assets.xcassets in Resources */ = {isa = PBXBuildFile; fileRef = F456F3C81C693E100043A89C /* Assets.xcassets */; };
		F456F3CC1C693E100043A89C /* LaunchScreen.storyboard in Resources */ = {isa = PBXBuildFile; fileRef = F456F3CA1C693E100043A89C /* LaunchScreen.storyboard */; };
		F456F3D71C693E100043A89C /* CalculatorTests.swift in Sources */ = {isa = PBXBuildFile; fileRef = F456F3D61C693E100043A89C /* CalculatorTests.swift */; };
		F456F3E21C693E100043A89C /* CalculatorUITests.swift in Sources */ = {isa = PBXBuildFile; fileRef = F456F3E11C693E100043A89C /* CalculatorUITests.swift */; };
		F456F3F01C69C2890043A89C /* TipViewController.swift in Sources */ = {isa = PBXBuildFile; fileRef = F456F3EF1C69C2890043A89C /* TipViewController.swift */; };
/* End PBXBuildFile section */

/* Begin PBXContainerItemProxy section */
		F456F3D31C693E100043A89C /* PBXContainerItemProxy */ = {
			isa = PBXContainerItemProxy;
			containerPortal = F456F3B31C693E100043A89C /* Project object */;
			proxyType = 1;
			remoteGlobalIDString = F456F3BA1C693E100043A89C;
			remoteInfo = Calculator;
		};
		F456F3DE1C693E100043A89C /* PBXContainerItemProxy */ = {
			isa = PBXContainerItemProxy;
			containerPortal = F456F3B31C693E100043A89C /* Project object */;
			proxyType = 1;
			remoteGlobalIDString = F456F3BA1C693E100043A89C;
			remoteInfo = Calculator;
		};
/* End PBXContainerItemProxy section */

/* Begin PBXFileReference section */
		F456F3BB1C693E100043A89C /* Calculator.app */ = {isa = PBXFileReference; explicitFileType = wrapper.application; includeInIndex = 0; path = Calculator.app; sourceTree = BUILT_PRODUCTS_DIR; };
		F456F3BE1C693E100043A89C /* AppDelegate.swift */ = {isa = PBXFileReference; lastKnownFileType = sourcecode.swift; path = AppDelegate.swift; sourceTree = "<group>"; };
		F456F3C01C693E100043A89C /* ViewController.swift */ = {isa = PBXFileReference; lastKnownFileType = sourcecode.swift; path = ViewController.swift; sourceTree = "<group>"; };
		F456F3C31C693E100043A89C /* Base */ = {isa = PBXFileReference; lastKnownFileType = file.storyboard; name = Base; path = Base.lproj/Main.storyboard; sourceTree = "<group>"; };
		F456F3C81C693E100043A89C /* Assets.xcassets */ = {isa = PBXFileReference; lastKnownFileType = folder.assetcatalog; path = Assets.xcassets; sourceTree = "<group>"; };
		F456F3CB1C693E100043A89C /* Base */ = {isa = PBXFileReference; lastKnownFileType = file.storyboard; name = Base; path = Base.lproj/LaunchScreen.storyboard; sourceTree = "<group>"; };
		F456F3CD1C693E100043A89C /* Info.plist */ = {isa = PBXFileReference; lastKnownFileType = text.plist.xml; path = Info.plist; sourceTree = "<group>"; };
		F456F3D21C693E100043A89C /* CalculatorTests.xctest */ = {isa = PBXFileReference; explicitFileType = wrapper.cfbundle; includeInIndex = 0; path = CalculatorTests.xctest; sourceTree = BUILT_PRODUCTS_DIR; };
		F456F3D61C693E100043A89C /* CalculatorTests.swift */ = {isa = PBXFileReference; lastKnownFileType = sourcecode.swift; path = CalculatorTests.swift; sourceTree = "<group>"; };
		F456F3D81C693E100043A89C /* Info.plist */ = {isa = PBXFileReference; lastKnownFileType = text.plist.xml; path = Info.plist; sourceTree = "<group>"; };
		F456F3DD1C693E100043A89C /* CalculatorUITests.xctest */ = {isa = PBXFileReference; explicitFileType = wrapper.cfbundle; includeInIndex = 0; path = CalculatorUITests.xctest; sourceTree = BUILT_PRODUCTS_DIR; };
		F456F3E11C693E100043A89C /* CalculatorUITests.swift */ = {isa = PBXFileReference; lastKnownFileType = sourcecode.swift; path = CalculatorUITests.swift; sourceTree = "<group>"; };
		F456F3E31C693E100043A89C /* Info.plist */ = {isa = PBXFileReference; lastKnownFileType = text.plist.xml; path = Info.plist; sourceTree = "<group>"; };
		F456F3EF1C69C2890043A89C /* TipViewController.swift */ = {isa = PBXFileReference; fileEncoding = 4; lastKnownFileType = sourcecode.swift; path = TipViewController.swift; sourceTree = "<group>"; };
/* End PBXFileReference section */

/* Begin PBXFrameworksBuildPhase section */
		F456F3B81C693E100043A89C /* Frameworks */ = {
			isa = PBXFrameworksBuildPhase;
			buildActionMask = 2147483647;
			files = (
			);
			runOnlyForDeploymentPostprocessing = 0;
		};
		F456F3CF1C693E100043A89C /* Frameworks */ = {
			isa = PBXFrameworksBuildPhase;
			buildActionMask = 2147483647;
			files = (
			);
			runOnlyForDeploymentPostprocessing = 0;
		};
		F456F3DA1C693E100043A89C /* Frameworks */ = {
			isa = PBXFrameworksBuildPhase;
			buildActionMask = 2147483647;
			files = (
			);
			runOnlyForDeploymentPostprocessing = 0;
		};
/* End PBXFrameworksBuildPhase section */

/* Begin PBXGroup section */
		F456F3B21C693E100043A89C = {
			isa = PBXGroup;
			children = (
				F456F3BD1C693E100043A89C /* Calculator */,
				F456F3D51C693E100043A89C /* CalculatorTests */,
				F456F3E01C693E100043A89C /* CalculatorUITests */,
				F456F3BC1C693E100043A89C /* Products */,
			);
			sourceTree = "<group>";
		};
		F456F3BC1C693E100043A89C /* Products */ = {
			isa = PBXGroup;
			children = (
				F456F3BB1C693E100043A89C /* Calculator.app */,
				F456F3D21C693E100043A89C /* CalculatorTests.xctest */,
				F456F3DD1C693E100043A89C /* CalculatorUITests.xctest */,
			);
			name = Products;
			sourceTree = "<group>";
		};
		F456F3BD1C693E100043A89C /* Calculator */ = {
			isa = PBXGroup;
			children = (
				F456F3BE1C693E100043A89C /* AppDelegate.swift */,
				F456F3C01C693E100043A89C /* ViewController.swift */,
				F456F3C21C693E100043A89C /* Main.storyboard */,
				F456F3C81C693E100043A89C /* Assets.xcassets */,
				F456F3CA1C693E100043A89C /* LaunchScreen.storyboard */,
				F456F3CD1C693E100043A89C /* Info.plist */,
				F456F3EF1C69C2890043A89C /* TipViewController.swift */,
			);
			path = Calculator;
			sourceTree = "<group>";
		};
		F456F3D51C693E100043A89C /* CalculatorTests */ = {
			isa = PBXGroup;
			children = (
				F456F3D61C693E100043A89C /* CalculatorTests.swift */,
				F456F3D81C693E100043A89C /* Info.plist */,
			);
			path = CalculatorTests;
			sourceTree = "<group>";
		};
		F456F3E01C693E100043A89C /* CalculatorUITests */ = {
			isa = PBXGroup;
			children = (
				F456F3E11C693E100043A89C /* CalculatorUITests.swift */,
				F456F3E31C693E100043A89C /* Info.plist */,
			);
			path = CalculatorUITests;
			sourceTree = "<group>";
		};
/* End PBXGroup section */

/* Begin PBXNativeTarget section */
		F456F3BA1C693E100043A89C /* Calculator */ = {
			isa = PBXNativeTarget;
			buildConfigurationList = F456F3E61C693E100043A89C /* Build configuration list for PBXNativeTarget "Calculator" */;
			buildPhases = (
				F456F3B71C693E100043A89C /* Sources */,
				F456F3B81C693E100043A89C /* Frameworks */,
				F456F3B91C693E100043A89C /* Resources */,
			);
			buildRules = (
			);
			dependencies = (
			);
			name = Calculator;
			productName = Calculator;
			productReference = F456F3BB1C693E100043A89C /* Calculator.app */;
			productType = "com.apple.product-type.application";
		};
		F456F3D11C693E100043A89C /* CalculatorTests */ = {
			isa = PBXNativeTarget;
			buildConfigurationList = F456F3E91C693E100043A89C /* Build configuration list for PBXNativeTarget "CalculatorTests" */;
			buildPhases = (
				F456F3CE1C693E100043A89C /* Sources */,
				F456F3CF1C693E100043A89C /* Frameworks */,
				F456F3D01C693E100043A89C /* Resources */,
			);
			buildRules = (
			);
			dependencies = (
				F456F3D41C693E100043A89C /* PBXTargetDependency */,
			);
			name = CalculatorTests;
			productName = CalculatorTests;
			productReference = F456F3D21C693E100043A89C /* CalculatorTests.xctest */;
			productType = "com.apple.product-type.bundle.unit-test";
		};
		F456F3DC1C693E100043A89C /* CalculatorUITests */ = {
			isa = PBXNativeTarget;
			buildConfigurationList = F456F3EC1C693E100043A89C /* Build configuration list for PBXNativeTarget "CalculatorUITests" */;
			buildPhases = (
				F456F3D91C693E100043A89C /* Sources */,
				F456F3DA1C693E100043A89C /* Frameworks */,
				F456F3DB1C693E100043A89C /* Resources */,
			);
			buildRules = (
			);
			dependencies = (
				F456F3DF1C693E100043A89C /* PBXTargetDependency */,
			);
			name = CalculatorUITests;
			productName = CalculatorUITests;
			productReference = F456F3DD1C693E100043A89C /* CalculatorUITests.xctest */;
			productType = "com.apple.product-type.bundle.ui-testing";
		};
/* End PBXNativeTarget section */

/* Begin PBXProject section */
		F456F3B31C693E100043A89C /* Project object */ = {
			isa = PBXProject;
			attributes = {
				LastSwiftUpdateCheck = 0720;
				LastUpgradeCheck = 0720;
				ORGANIZATIONNAME = Swinford;
				TargetAttributes = {
					F456F3BA1C693E100043A89C = {
						CreatedOnToolsVersion = 7.2.1;
						DevelopmentTeam = ZRLAY95A25;
					};
					F456F3D11C693E100043A89C = {
						CreatedOnToolsVersion = 7.2.1;
						DevelopmentTeam = ZRLAY95A25;
						TestTargetID = F456F3BA1C693E100043A89C;
					};
					F456F3DC1C693E100043A89C = {
						CreatedOnToolsVersion = 7.2.1;
						DevelopmentTeam = ZRLAY95A25;
						TestTargetID = F456F3BA1C693E100043A89C;
					};
				};
			};
			buildConfigurationList = F456F3B61C693E100043A89C /* Build configuration list for PBXProject "Calculator" */;
			compatibilityVersion = "Xcode 3.2";
			developmentRegion = English;
			hasScannedForEncodings = 0;
			knownRegions = (
				en,
				Base,
			);
			mainGroup = F456F3B21C693E100043A89C;
			productRefGroup = F456F3BC1C693E100043A89C /* Products */;
			projectDirPath = "";
			projectRoot = "";
			targets = (
				F456F3BA1C693E100043A89C /* Calculator */,
				F456F3D11C693E100043A89C /* CalculatorTests */,
				F456F3DC1C693E100043A89C /* CalculatorUITests */,
			);
		};
/* End PBXProject section */

/* Begin PBXResourcesBuildPhase section */
		F456F3B91C693E100043A89C /* Resources */ = {
			isa = PBXResourcesBuildPhase;
			buildActionMask = 2147483647;
			files = (
				F456F3CC1C693E100043A89C /* LaunchScreen.storyboard in Resources */,
				F456F3C91C693E100043A89C /* Assets.xcassets in Resources */,
				F456F3C41C693E100043A89C /* Main.storyboard in Resources */,
			);
			runOnlyForDeploymentPostprocessing = 0;
		};
		F456F3D01C693E100043A89C /* Resources */ = {
			isa = PBXResourcesBuildPhase;
			buildActionMask = 2147483647;
			files = (
			);
			runOnlyForDeploymentPostprocessing = 0;
		};
		F456F3DB1C693E100043A89C /* Resources */ = {
			isa = PBXResourcesBuildPhase;
			buildActionMask = 2147483647;
			files = (
			);
			runOnlyForDeploymentPostprocessing = 0;
		};
/* End PBXResourcesBuildPhase section */

/* Begin PBXSourcesBuildPhase section */
		F456F3B71C693E100043A89C /* Sources */ = {
			isa = PBXSourcesBuildPhase;
			buildActionMask = 2147483647;
			files = (
				F456F3C11C693E100043A89C /* ViewController.swift in Sources */,
				F456F3BF1C693E100043A89C /* AppDelegate.swift in Sources */,
				F456F3F01C69C2890043A89C /* TipViewController.swift in Sources */,
			);
			runOnlyForDeploymentPostprocessing = 0;
		};
		F456F3CE1C693E100043A89C /* Sources */ = {
			isa = PBXSourcesBuildPhase;
			buildActionMask = 2147483647;
			files = (
				F456F3D71C693E100043A89C /* CalculatorTests.swift in Sources */,
			);
			runOnlyForDeploymentPostprocessing = 0;
		};
		F456F3D91C693E100043A89C /* Sources */ = {
			isa = PBXSourcesBuildPhase;
			buildActionMask = 2147483647;
			files = (
				F456F3E21C693E100043A89C /* CalculatorUITests.swift in Sources */,
			);
			runOnlyForDeploymentPostprocessing = 0;
		};
/* End PBXSourcesBuildPhase section */

/* Begin PBXTargetDependency section */
		F456F3D41C693E100043A89C /* PBXTargetDependency */ = {
			isa = PBXTargetDependency;
			target = F456F3BA1C693E100043A89C /* Calculator */;
			targetProxy = F456F3D31C693E100043A89C /* PBXContainerItemProxy */;
		};
		F456F3DF1C693E100043A89C /* PBXTargetDependency */ = {
			isa = PBXTargetDependency;
			target = F456F3BA1C693E100043A89C /* Calculator */;
			targetProxy = F456F3DE1C693E100043A89C /* PBXContainerItemProxy */;
		};
/* End PBXTargetDependency section */

/* Begin PBXVariantGroup section */
		F456F3C21C693E100043A89C /* Main.storyboard */ = {
			isa = PBXVariantGroup;
			children = (
				F456F3C31C693E100043A89C /* Base */,
			);
			name = Main.storyboard;
			sourceTree = "<group>";
		};
		F456F3CA1C693E100043A89C /* LaunchScreen.storyboard */ = {
			isa = PBXVariantGroup;
			children = (
				F456F3CB1C693E100043A89C /* Base */,
			);
			name = LaunchScreen.storyboard;
			sourceTree = "<group>";
		};
/* End PBXVariantGroup section */

/* Begin XCBuildConfiguration section */
		F456F3E41C693E100043A89C /* Debug */ = {
			isa = XCBuildConfiguration;
			buildSettings = {
				ALWAYS_SEARCH_USER_PATHS = NO;
				CLANG_CXX_LANGUAGE_STANDARD = "gnu++0x";
				CLANG_CXX_LIBRARY = "libc++";
				CLANG_ENABLE_MODULES = YES;
				CLANG_ENABLE_OBJC_ARC = YES;
				CLANG_WARN_BOOL_CONVERSION = YES;
				CLANG_WARN_CONSTANT_CONVERSION = YES;
				CLANG_WARN_DIRECT_OBJC_ISA_USAGE = YES_ERROR;
				CLANG_WARN_EMPTY_BODY = YES;
				CLANG_WARN_ENUM_CONVERSION = YES;
				CLANG_WARN_INT_CONVERSION = YES;
				CLANG_WARN_OBJC_ROOT_CLASS = YES_ERROR;
				CLANG_WARN_UNREACHABLE_CODE = YES;
				CLANG_WARN__DUPLICATE_METHOD_MATCH = YES;
				"CODE_SIGN_IDENTITY[sdk=iphoneos*]" = "iPhone Developer";
				COPY_PHASE_STRIP = NO;
				DEBUG_INFORMATION_FORMAT = dwarf;
				ENABLE_STRICT_OBJC_MSGSEND = YES;
				ENABLE_TESTABILITY = YES;
				GCC_C_LANGUAGE_STANDARD = gnu99;
				GCC_DYNAMIC_NO_PIC = NO;
				GCC_NO_COMMON_BLOCKS = YES;
				GCC_OPTIMIZATION_LEVEL = 0;
				GCC_PREPROCESSOR_DEFINITIONS = (
					"DEBUG=1",
					"$(inherited)",
				);
				GCC_WARN_64_TO_32_BIT_CONVERSION = YES;
				GCC_WARN_ABOUT_RETURN_TYPE = YES_ERROR;
				GCC_WARN_UNDECLARED_SELECTOR = YES;
				GCC_WARN_UNINITIALIZED_AUTOS = YES_AGGRESSIVE;
				GCC_WARN_UNUSED_FUNCTION = YES;
				GCC_WARN_UNUSED_VARIABLE = YES;
				IPHONEOS_DEPLOYMENT_TARGET = 9.2;
				MTL_ENABLE_DEBUG_INFO = YES;
				ONLY_ACTIVE_ARCH = YES;
				SDKROOT = iphoneos;
				SWIFT_OPTIMIZATION_LEVEL = "-Onone";
				TARGETED_DEVICE_FAMILY = "1,2";
			};
			name = Debug;
		};
		F456F3E51C693E100043A89C /* Release */ = {
			isa = XCBuildConfiguration;
			buildSettings = {
				ALWAYS_SEARCH_USER_PATHS = NO;
				CLANG_CXX_LANGUAGE_STANDARD = "gnu++0x";
				CLANG_CXX_LIBRARY = "libc++";
				CLANG_ENABLE_MODULES = YES;
				CLANG_ENABLE_OBJC_ARC = YES;
				CLANG_WARN_BOOL_CONVERSION = YES;
				CLANG_WARN_CONSTANT_CONVERSION = YES;
				CLANG_WARN_DIRECT_OBJC_ISA_USAGE = YES_ERROR;
				CLANG_WARN_EMPTY_BODY = YES;
				CLANG_WARN_ENUM_CONVERSION = YES;
				CLANG_WARN_INT_CONVERSION = YES;
				CLANG_WARN_OBJC_ROOT_CLASS = YES_ERROR;
				CLANG_WARN_UNREACHABLE_CODE = YES;
				CLANG_WARN__DUPLICATE_METHOD_MATCH = YES;
				"CODE_SIGN_IDENTITY[sdk=iphoneos*]" = "iPhone Developer";
				COPY_PHASE_STRIP = NO;
				DEBUG_INFORMATION_FORMAT = "dwarf-with-dsym";
				ENABLE_NS_ASSERTIONS = NO;
				ENABLE_STRICT_OBJC_MSGSEND = YES;
				GCC_C_LANGUAGE_STANDARD = gnu99;
				GCC_NO_COMMON_BLOCKS = YES;
				GCC_WARN_64_TO_32_BIT_CONVERSION = YES;
				GCC_WARN_ABOUT_RETURN_TYPE = YES_ERROR;
				GCC_WARN_UNDECLARED_SELECTOR = YES;
				GCC_WARN_UNINITIALIZED_AUTOS = YES_AGGRESSIVE;
				GCC_WARN_UNUSED_FUNCTION = YES;
				GCC_WARN_UNUSED_VARIABLE = YES;
				IPHONEOS_DEPLOYMENT_TARGET = 9.2;
				MTL_ENABLE_DEBUG_INFO = NO;
				SDKROOT = iphoneos;
				TARGETED_DEVICE_FAMILY = "1,2";
				VALIDATE_PRODUCT = YES;
			};
			name = Release;
		};
		F456F3E71C693E100043A89C /* Debug */ = {
			isa = XCBuildConfiguration;
			buildSettings = {
				ASSETCATALOG_COMPILER_APPICON_NAME = AppIcon;
				INFOPLIST_FILE = Calculator/Info.plist;
				LD_RUNPATH_SEARCH_PATHS = "$(inherited) @executable_path/Frameworks";
				PRODUCT_BUNDLE_IDENTIFIER = Swinford.Calculator;
				PRODUCT_NAME = "$(TARGET_NAME)";
			};
			name = Debug;
		};
		F456F3E81C693E100043A89C /* Release */ = {
			isa = XCBuildConfiguration;
			buildSettings = {
				ASSETCATALOG_COMPILER_APPICON_NAME = AppIcon;
				INFOPLIST_FILE = Calculator/Info.plist;
				LD_RUNPATH_SEARCH_PATHS = "$(inherited) @executable_path/Frameworks";
				PRODUCT_BUNDLE_IDENTIFIER = Swinford.Calculator;
				PRODUCT_NAME = "$(TARGET_NAME)";
			};
			name = Release;
		};
		F456F3EA1C693E100043A89C /* Debug */ = {
			isa = XCBuildConfiguration;
			buildSettings = {
				BUNDLE_LOADER = "$(TEST_HOST)";
				INFOPLIST_FILE = CalculatorTests/Info.plist;
				LD_RUNPATH_SEARCH_PATHS = "$(inherited) @executable_path/Frameworks @loader_path/Frameworks";
				PRODUCT_BUNDLE_IDENTIFIER = Swinford.CalculatorTests;
				PRODUCT_NAME = "$(TARGET_NAME)";
				TEST_HOST = "$(BUILT_PRODUCTS_DIR)/Calculator.app/Calculator";
			};
			name = Debug;
		};
		F456F3EB1C693E100043A89C /* Release */ = {
			isa = XCBuildConfiguration;
			buildSettings = {
				BUNDLE_LOADER = "$(TEST_HOST)";
				INFOPLIST_FILE = CalculatorTests/Info.plist;
				LD_RUNPATH_SEARCH_PATHS = "$(inherited) @executable_path/Frameworks @loader_path/Frameworks";
				PRODUCT_BUNDLE_IDENTIFIER = Swinford.CalculatorTests;
				PRODUCT_NAME = "$(TARGET_NAME)";
				TEST_HOST = "$(BUILT_PRODUCTS_DIR)/Calculator.app/Calculator";
			};
			name = Release;
		};
		F456F3ED1C693E100043A89C /* Debug */ = {
			isa = XCBuildConfiguration;
			buildSettings = {
				INFOPLIST_FILE = CalculatorUITests/Info.plist;
				LD_RUNPATH_SEARCH_PATHS = "$(inherited) @executable_path/Frameworks @loader_path/Frameworks";
				PRODUCT_BUNDLE_IDENTIFIER = Swinford.CalculatorUITests;
				PRODUCT_NAME = "$(TARGET_NAME)";
				TEST_TARGET_NAME = Calculator;
				USES_XCTRUNNER = YES;
			};
			name = Debug;
		};
		F456F3EE1C693E100043A89C /* Release */ = {
			isa = XCBuildConfiguration;
			buildSettings = {
				INFOPLIST_FILE = CalculatorUITests/Info.plist;
				LD_RUNPATH_SEARCH_PATHS = "$(inherited) @executable_path/Frameworks @loader_path/Frameworks";
				PRODUCT_BUNDLE_IDENTIFIER = Swinford.CalculatorUITests;
				PRODUCT_NAME = "$(TARGET_NAME)";
				TEST_TARGET_NAME = Calculator;
				USES_XCTRUNNER = YES;
			};
			name = Release;
		};
/* End XCBuildConfiguration section */

/* Begin XCConfigurationList section */
		F456F3B61C693E100043A89C /* Build configuration list for PBXProject "Calculator" */ = {
			isa = XCConfigurationList;
			buildConfigurations = (
				F456F3E41C693E100043A89C /* Debug */,
				F456F3E51C693E100043A89C /* Release */,
			);
			defaultConfigurationIsVisible = 0;
			defaultConfigurationName = Release;
		};
		F456F3E61C693E100043A89C /* Build configuration list for PBXNativeTarget "Calculator" */ = {
			isa = XCConfigurationList;
			buildConfigurations = (
				F456F3E71C693E100043A89C /* Debug */,
				F456F3E81C693E100043A89C /* Release */,
			);
			defaultConfigurationIsVisible = 0;
			defaultConfigurationName = Release;
		};
		F456F3E91C693E100043A89C /* Build configuration list for PBXNativeTarget "CalculatorTests" */ = {
			isa = XCConfigurationList;
			buildConfigurations = (
				F456F3EA1C693E100043A89C /* Debug */,
				F456F3EB1C693E100043A89C /* Release */,
			);
			defaultConfigurationIsVisible = 0;
			defaultConfigurationName = Release;
		};
		F456F3EC1C693E100043A89C /* Build configuration list for PBXNativeTarget "CalculatorUITests" */ = {
			isa = XCConfigurationList;
			buildConfigurations = (
				F456F3ED1C693E100043A89C /* Debug */,
				F456F3EE1C693E100043A89C /* Release */,
			);
			defaultConfigurationIsVisible = 0;
			defaultConfigurationName = Release;
		};
/* End XCConfigurationList section */
	};
	rootObject = F456F3B31C693E100043A89C /* Project object */;
}
